#
# This file is autogenerated by pip-compile with Python 3.11
# by the following command:
#
#    pip-compile --output-file=requirements-dev.lock requirements-dev.in
#
anyio==4.12.0
    # via
    #   httpx
    #   jupyter-server
argon2-cffi==25.1.0
    # via jupyter-server
argon2-cffi-bindings==25.1.0
    # via argon2-cffi
arrow==1.4.0
    # via isoduration
asttokens==3.0.1
    # via stack-data
async-lru==2.0.5
    # via jupyterlab
attrs==25.4.0
    # via
    #   jsonschema
    #   referencing
babel==2.17.0
    # via jupyterlab-server
beautifulsoup4==4.14.3
    # via nbconvert
bleach[css]==6.3.0
    # via nbconvert
certifi==2025.11.12
    # via
    #   httpcore
    #   httpx
    #   requests
cffi==2.0.0
    # via argon2-cffi-bindings
cfgv==3.5.0
    # via pre-commit
charset-normalizer==3.4.4
    # via requests
colorama==0.4.6
    # via
    #   ipython
    #   pytest
comm==0.2.3
    # via ipykernel
contourpy==1.2.1
    # via matplotlib
coverage[toml]==7.13.1
    # via pytest-cov
cycler==0.12.1
    # via matplotlib
debugpy==1.8.19
    # via ipykernel
decorator==5.2.1
    # via ipython
defusedxml==0.7.1
    # via nbconvert
distlib==0.4.0
    # via virtualenv
executing==2.2.1
    # via stack-data
fastjsonschema==2.21.2
    # via nbformat
filelock==3.20.2
    # via virtualenv
fonttools==4.61.1
    # via matplotlib
fqdn==1.5.1
    # via jsonschema
h11==0.16.0
    # via httpcore
httpcore==1.0.9
    # via httpx
httpx==0.28.1
    # via jupyterlab
identify==2.6.15
    # via pre-commit
idna==3.11
    # via
    #   anyio
    #   httpx
    #   jsonschema
    #   requests
iniconfig==2.3.0
    # via pytest
ipykernel==7.1.0
    # via
    #   -r requirements-dev.in
    #   jupyterlab
ipython==8.37.0
    # via ipykernel
isoduration==20.11.0
    # via jsonschema
jedi==0.19.2
    # via ipython
jinja2==3.1.6
    # via
    #   jupyter-server
    #   jupyterlab
    #   jupyterlab-server
    #   nbconvert
json5==0.13.0
    # via jupyterlab-server
jsonpointer==3.0.0
    # via jsonschema
jsonschema[format-nongpl]==4.25.1
    # via
    #   jupyter-events
    #   jupyterlab-server
    #   nbformat
jsonschema-specifications==2025.9.1
    # via jsonschema
jupyter-client==8.7.0
    # via
    #   ipykernel
    #   jupyter-server
    #   nbclient
jupyter-core==5.9.1
    # via
    #   ipykernel
    #   jupyter-client
    #   jupyter-server
    #   jupyterlab
    #   nbclient
    #   nbconvert
    #   nbformat
jupyter-events==0.12.0
    # via jupyter-server
jupyter-lsp==2.3.0
    # via jupyterlab
jupyter-server==2.17.0
    # via
    #   jupyter-lsp
    #   jupyterlab
    #   jupyterlab-server
    #   notebook-shim
jupyter-server-terminals==0.5.3
    # via jupyter-server
jupyterlab==4.5.1
    # via -r requirements-dev.in
jupyterlab-pygments==0.3.0
    # via nbconvert
jupyterlab-server==2.28.0
    # via jupyterlab
kiwisolver==1.4.9
    # via matplotlib
lark==1.3.1
    # via rfc3987-syntax
librt==0.7.7
    # via mypy
markupsafe==3.0.3
    # via
    #   jinja2
    #   nbconvert
matplotlib==3.10.8
    # via -r requirements-dev.in
matplotlib-inline==0.2.1
    # via
    #   ipykernel
    #   ipython
mistune==3.2.0
    # via nbconvert
mypy==1.19.1
    # via -r requirements-ci.in
mypy-extensions==1.1.0
    # via mypy
nbclient==0.10.4
    # via nbconvert
nbconvert==7.16.6
    # via jupyter-server
nbformat==5.10.4
    # via
    #   jupyter-server
    #   nbclient
    #   nbconvert
nest-asyncio==1.6.0
    # via ipykernel
nodeenv==1.10.0
    # via pre-commit
notebook-shim==0.2.4
    # via jupyterlab
numpy==1.26.4
    # via
    #   -r requirements-core.in
    #   contourpy
    #   matplotlib
    #   pandas
    #   scipy
overrides==7.7.0
    # via jupyter-server
packaging==25.0
    # via
    #   ipykernel
    #   jupyter-events
    #   jupyter-server
    #   jupyterlab
    #   jupyterlab-server
    #   matplotlib
    #   nbconvert
    #   pytest
pandas==2.3.3
    # via -r requirements-core.in
pandocfilters==1.5.1
    # via nbconvert
parso==0.8.5
    # via jedi
pathspec==0.12.1
    # via mypy
pillow==12.1.0
    # via matplotlib
platformdirs==4.5.1
    # via
    #   jupyter-core
    #   virtualenv
pluggy==1.6.0
    # via
    #   pytest
    #   pytest-cov
pre-commit==4.5.1
    # via -r requirements-dev.in
prometheus-client==0.23.1
    # via jupyter-server
prompt-toolkit==3.0.52
    # via ipython
psutil==7.2.1
    # via ipykernel
pure-eval==0.2.3
    # via stack-data
pyarrow==22.0.0
    # via -r requirements-core.in
pycparser==2.23
    # via cffi
pygments==2.19.2
    # via
    #   ipython
    #   nbconvert
    #   pytest
pyparsing==3.3.1
    # via matplotlib
pytest==9.0.2
    # via
    #   -r requirements-ci.in
    #   pytest-cov
pytest-cov==7.0.0
    # via -r requirements-ci.in
python-dateutil==2.9.0.post0
    # via
    #   arrow
    #   jupyter-client
    #   matplotlib
    #   pandas
python-json-logger==4.0.0
    # via jupyter-events
pytz==2025.2
    # via pandas
pywinpty==3.0.2
    # via
    #   jupyter-server
    #   jupyter-server-terminals
    #   terminado
pyyaml==6.0.3
    # via
    #   -r requirements-core.in
    #   jupyter-events
    #   pre-commit
pyzmq==27.1.0
    # via
    #   ipykernel
    #   jupyter-client
    #   jupyter-server
referencing==0.37.0
    # via
    #   jsonschema
    #   jsonschema-specifications
    #   jupyter-events
requests==2.32.5
    # via jupyterlab-server
rfc3339-validator==0.1.4
    # via
    #   jsonschema
    #   jupyter-events
rfc3986-validator==0.1.1
    # via
    #   jsonschema
    #   jupyter-events
rfc3987-syntax==1.1.0
    # via jsonschema
rpds-py==0.30.0
    # via
    #   jsonschema
    #   referencing
ruff==0.14.10
    # via -r requirements-ci.in
scipy==1.15.3
    # via -r requirements-core.in
send2trash==2.0.0
    # via jupyter-server
six==1.17.0
    # via
    #   python-dateutil
    #   rfc3339-validator
soupsieve==2.8.1
    # via beautifulsoup4
stack-data==0.6.3
    # via ipython
terminado==0.18.1
    # via
    #   jupyter-server
    #   jupyter-server-terminals
tinycss2==1.4.0
    # via bleach
tornado==6.5.4
    # via
    #   ipykernel
    #   jupyter-client
    #   jupyter-server
    #   jupyterlab
    #   terminado
traitlets==5.14.3
    # via
    #   ipykernel
    #   ipython
    #   jupyter-client
    #   jupyter-core
    #   jupyter-events
    #   jupyter-server
    #   jupyterlab
    #   matplotlib-inline
    #   nbclient
    #   nbconvert
    #   nbformat
types-pyyaml==6.0.12.20250915
    # via -r requirements-ci.in
types-requests==2.32.4.20250913
    # via -r requirements-ci.in
typing-extensions==4.15.0
    # via
    #   anyio
    #   beautifulsoup4
    #   ipython
    #   mypy
    #   referencing
tzdata==2025.3
    # via
    #   arrow
    #   pandas
uri-template==1.3.0
    # via jsonschema
urllib3==2.6.2
    # via
    #   requests
    #   types-requests
virtualenv==20.35.4
    # via pre-commit
wcwidth==0.2.14
    # via prompt-toolkit
webcolors==25.10.0
    # via jsonschema
webencodings==0.5.1
    # via
    #   bleach
    #   tinycss2
websocket-client==1.9.0
    # via jupyter-server

# The following packages are considered to be unsafe in a requirements file:
# setuptools
